<?xml version="1.0" encoding="utf-8"?>
<Project ToolsVersion="4.0" xmlns="http://schemas.microsoft.com/developer/msbuild/2003">
  <ItemGroup>
    <Filter Include="Source Files">
      <UniqueIdentifier>{4FC737F1-C7A5-4376-A066-2A32D752A2FF}</UniqueIdentifier>
      <Extensions>cpp;c;cc;cxx;def;odl;idl;hpj;bat;asm;asmx</Extensions>
    </Filter>
    <Filter Include="Header Files">
      <UniqueIdentifier>{93995380-89BD-4b04-88EB-625FBE52EBFB}</UniqueIdentifier>
      <Extensions>h;hpp;hxx;hm;inl;inc;xsd</Extensions>
    </Filter>
    <Filter Include="Resource Files">
      <UniqueIdentifier>{67DA6AB6-F800-4c08-8B7A-83BB121AAD01}</UniqueIdentifier>
      <Extensions>rc;ico;cur;bmp;dlg;rc2;rct;bin;rgs;gif;jpg;jpeg;jpe;resx;tiff;tif;png;wav;mfcribbon-ms</Extensions>
    </Filter>
    <Filter Include="Codegen">
      <UniqueIdentifier>{479ce694-41ed-4ab7-b5d7-b58a247334ee}</UniqueIdentifier>
    </Filter>
    <Filter Include="Import">
      <UniqueIdentifier>{3b188b5e-e349-4f56-81fc-40d30ad3966f}</UniqueIdentifier>
    </Filter>
    <Filter Include="Codegen\Ast">
      <UniqueIdentifier>{8fadaa90-9c31-4bae-80fb-04e1cf4b113c}</UniqueIdentifier>
    </Filter>
    <Filter Include="Codegen\Parser">
      <UniqueIdentifier>{e6795d35-69f8-4f74-87ac-0de3edd3d100}</UniqueIdentifier>
    </Filter>
    <Filter Include="Codegen\Copy">
      <UniqueIdentifier>{f64e99b3-d8bf-413e-81a1-deca12e03110}</UniqueIdentifier>
    </Filter>
    <Filter Include="Codegen\Default">
      <UniqueIdentifier>{c15eef4a-5673-465a-adc9-f28bc87e27b0}</UniqueIdentifier>
    </Filter>
    <Filter Include="Codegen\Traverse">
      <UniqueIdentifier>{12ff183e-185b-47ac-8267-6d24c6dec332}</UniqueIdentifier>
    </Filter>
  </ItemGroup>
  <ItemGroup>
    <ClCompile Include="Main.cpp">
      <Filter>Source Files</Filter>
    </ClCompile>
    <ClCompile Include="..\..\..\Release\Vlpp.cpp">
      <Filter>Import</Filter>
    </ClCompile>
    <ClCompile Include="ParserGen_Codegen.cpp">
      <Filter>Codegen</Filter>
    </ClCompile>
    <ClCompile Include="ParserGen.cpp">
      <Filter>Codegen</Filter>
    </ClCompile>
    <ClCompile Include="Ast_WriteCppFile.cpp">
      <Filter>Codegen\Ast</Filter>
    </ClCompile>
    <ClCompile Include="Ast_WriteHeaderFile.cpp">
      <Filter>Codegen\Ast</Filter>
    </ClCompile>
    <ClCompile Include="Ast_WriteCppFile_Reflection.cpp">
      <Filter>Codegen\Ast</Filter>
    </ClCompile>
    <ClCompile Include="Ast_WriteCppFile_Visitor.cpp">
      <Filter>Codegen\Ast</Filter>
    </ClCompile>
    <ClCompile Include="Ast_WriteHeaderFile_Reflection.cpp">
      <Filter>Codegen\Ast</Filter>
    </ClCompile>
    <ClCompile Include="Ast_WriteHeaderFile_TableGen.cpp">
      <Filter>Codegen\Ast</Filter>
    </ClCompile>
    <ClCompile Include="Ast_WriteHeaderFile_Tokens.cpp">
      <Filter>Codegen\Ast</Filter>
    </ClCompile>
    <ClCompile Include="Ast_WriteHeaderFile_Types.cpp">
      <Filter>Codegen\Ast</Filter>
    </ClCompile>
    <ClCompile Include="ParserGen_CreateTable.cpp">
      <Filter>Codegen</Filter>
    </ClCompile>
    <ClCompile Include="ParserGen_PrintType.cpp">
      <Filter>Codegen</Filter>
    </ClCompile>
    <ClCompile Include="Parser_WriteCppFile.cpp">
      <Filter>Codegen\Parser</Filter>
    </ClCompile>
    <ClCompile Include="Parser_WriteCppFile_ParserText.cpp">
      <Filter>Codegen\Parser</Filter>
    </ClCompile>
    <ClCompile Include="Parser_WriteCppFile_TableGen.cpp">
      <Filter>Codegen\Parser</Filter>
    </ClCompile>
    <ClCompile Include="Parser_WriteCppFile_TreeBuilder.cpp">
      <Filter>Codegen\Parser</Filter>
    </ClCompile>
    <ClCompile Include="Parser_WriteCppFile_Unescaping.cpp">
      <Filter>Codegen\Parser</Filter>
    </ClCompile>
    <ClCompile Include="Parser_WriteHeaderFile.cpp">
      <Filter>Codegen\Parser</Filter>
    </ClCompile>
    <ClCompile Include="Parser_WriteHeaderFile_ParserFunctions.cpp">
      <Filter>Codegen\Parser</Filter>
    </ClCompile>
    <ClCompile Include="Copy_WriteCppFile.cpp">
      <Filter>Codegen\Copy</Filter>
    </ClCompile>
    <ClCompile Include="Copy_WriteHeaderFile.cpp">
      <Filter>Codegen\Copy</Filter>
    </ClCompile>
    <ClCompile Include="ParserGen_VisitorDependency.cpp">
      <Filter>Codegen</Filter>
    </ClCompile>
    <ClCompile Include="Empty_WriteCppFile.cpp">
      <Filter>Codegen\Default</Filter>
    </ClCompile>
    <ClCompile Include="Empty_WriteHeaderFile.cpp">
      <Filter>Codegen\Default</Filter>
    </ClCompile>
    <ClCompile Include="Traverse_WriteCppFile.cpp">
      <Filter>Codegen\Traverse</Filter>
    </ClCompile>
    <ClCompile Include="Traverse_WriteHeaderFile.cpp">
      <Filter>Codegen\Traverse</Filter>
    </ClCompile>
  </ItemGroup>
  <ItemGroup>
    <ClInclude Include="..\..\..\Release\Vlpp.h">
      <Filter>Import</Filter>
    </ClInclude>
    <ClInclude Include="ParserGen.h">
      <Filter>Codegen</Filter>
    </ClInclude>
  </ItemGroup>
</Project>