<?xml version="1.0" encoding="utf-8"?>
<Project ToolsVersion="4.0" xmlns="http://schemas.microsoft.com/developer/msbuild/2003">
  <ItemGroup>
    <Filter Include="Source Files">
      <UniqueIdentifier>{4FC737F1-C7A5-4376-A066-2A32D752A2FF}</UniqueIdentifier>
      <Extensions>cpp;c;cc;cxx;def;odl;idl;hpj;bat;asm;asmx</Extensions>
    </Filter>
    <Filter Include="Header Files">
      <UniqueIdentifier>{93995380-89BD-4b04-88EB-625FBE52EBFB}</UniqueIdentifier>
      <Extensions>h;hh;hpp;hxx;hm;inl;inc;xsd</Extensions>
    </Filter>
    <Filter Include="Resource Files">
      <UniqueIdentifier>{67DA6AB6-F800-4c08-8B7A-83BB121AAD01}</UniqueIdentifier>
      <Extensions>rc;ico;cur;bmp;dlg;rc2;rct;bin;rgs;gif;jpg;jpeg;jpe;resx;tiff;tif;png;wav;mfcribbon-ms</Extensions>
    </Filter>
    <Filter Include="Source Files\Strings">
      <UniqueIdentifier>{601122bd-b44f-48e4-aaa9-ee6136bc90bd}</UniqueIdentifier>
    </Filter>
  </ItemGroup>
  <ItemGroup>
    <ClCompile Include="..\..\Source\TestBasic.cpp">
      <Filter>Source Files</Filter>
    </ClCompile>
    <ClCompile Include="..\..\Source\TestFunction.cpp">
      <Filter>Source Files</Filter>
    </ClCompile>
    <ClCompile Include="..\..\Source\TestGlobalStorage.cpp">
      <Filter>Source Files</Filter>
    </ClCompile>
    <ClCompile Include="Main.cpp">
      <Filter>Source Files</Filter>
    </ClCompile>
    <ClCompile Include="..\..\Source\TestPartialOrdering.cpp">
      <Filter>Source Files</Filter>
    </ClCompile>
    <ClCompile Include="..\..\Source\TestLinq.cpp">
      <Filter>Source Files</Filter>
    </ClCompile>
    <ClCompile Include="..\..\Source\Strings\TestLoremIpsum.cpp">
      <Filter>Source Files\Strings</Filter>
    </ClCompile>
    <ClCompile Include="..\..\Source\Strings\TestWString.cpp">
      <Filter>Source Files\Strings</Filter>
    </ClCompile>
    <ClCompile Include="..\..\Source\Strings\TestU32String.cpp">
      <Filter>Source Files\Strings</Filter>
    </ClCompile>
    <ClCompile Include="..\..\Source\Strings\TestAString.cpp">
      <Filter>Source Files\Strings</Filter>
    </ClCompile>
    <ClCompile Include="..\..\Source\Strings\TestU8String.cpp">
      <Filter>Source Files\Strings</Filter>
    </ClCompile>
    <ClCompile Include="..\..\Source\Strings\TestU16String.cpp">
      <Filter>Source Files\Strings</Filter>
    </ClCompile>
    <ClCompile Include="..\..\Source\Strings\TestUtfReader.cpp">
      <Filter>Source Files\Strings</Filter>
    </ClCompile>
    <ClCompile Include="..\..\Source\Strings\TestStringConversion.cpp">
      <Filter>Source Files\Strings</Filter>
    </ClCompile>
    <ClCompile Include="..\..\Source\TestLinq_GenericLambda.cpp">
      <Filter>Source Files</Filter>
    </ClCompile>
    <ClCompile Include="..\..\Source\TestList_LoopFrom_LazyList.cpp">
      <Filter>Source Files</Filter>
    </ClCompile>
    <ClCompile Include="..\..\Source\TestList_CopyFrom.cpp">
      <Filter>Source Files</Filter>
    </ClCompile>
    <ClCompile Include="..\..\Source\TestSort.cpp">
      <Filter>Source Files</Filter>
    </ClCompile>
    <ClCompile Include="..\..\Source\TestList_Container_Dictionary.cpp">
      <Filter>Source Files</Filter>
    </ClCompile>
    <ClCompile Include="..\..\Source\TestList_Container_Group.cpp">
      <Filter>Source Files</Filter>
    </ClCompile>
    <ClCompile Include="..\..\Source\TestList_Container_List.cpp">
      <Filter>Source Files</Filter>
    </ClCompile>
    <ClCompile Include="..\..\Source\TestList_Container_Array.cpp">
      <Filter>Source Files</Filter>
    </ClCompile>
    <ClCompile Include="..\..\Source\TestBasic_Nullable.cpp">
      <Filter>Source Files</Filter>
    </ClCompile>
    <ClCompile Include="..\..\Source\TestBasic_Pair.cpp">
      <Filter>Source Files</Filter>
    </ClCompile>
    <ClCompile Include="..\..\Source\TestBasic_Tuple.cpp">
      <Filter>Source Files</Filter>
    </ClCompile>
    <ClCompile Include="..\..\Source\TestLinq_NoLambda.cpp">
      <Filter>Source Files</Filter>
    </ClCompile>
    <ClCompile Include="..\..\Source\TestList_Container_SortedList.cpp">
      <Filter>Source Files</Filter>
    </ClCompile>
    <ClCompile Include="..\..\Source\TestList_Container_ByetObjectMap.cpp">
      <Filter>Source Files</Filter>
    </ClCompile>
    <ClCompile Include="..\..\Source\TestList_LoopFrom_Ordered_Locked.cpp">
      <Filter>Source Files</Filter>
    </ClCompile>
    <ClCompile Include="..\..\Source\TestBasic_Variant.cpp">
      <Filter>Source Files</Filter>
    </ClCompile>
  </ItemGroup>
  <ItemGroup>
    <ClInclude Include="..\..\Source\AssertCollection.h">
      <Filter>Source Files</Filter>
    </ClInclude>
    <ClInclude Include="..\..\Source\PrimitiveTypesForTest.h">
      <Filter>Source Files</Filter>
    </ClInclude>
    <ClInclude Include="..\..\Source\TestList_Container_ListCommon.h">
      <Filter>Source Files</Filter>
    </ClInclude>
  </ItemGroup>
</Project>